
Microsoft Visual Studio Solution File, Format Version 12.00
# Visual Studio Version 16
VisualStudioVersion = 16.0.28922.388
MinimumVisualStudioVersion = 10.0.40219.1
Project("{9A19103F-16F7-4668-BE54-9A1E7A4F7556}") = "fruitcalc", "fruitcalc.csproj", "{8DAA1E3D-FE96-4B2A-B443-9D813B79000D}"
EndProject
Project("{2150E333-8FDC-42A3-9474-1A3956D46DE8}") = "Solution Items", "Solution Items", "{37090CDD-F099-42A4-B82E-218D6726E2BC}"
	ProjectSection(SolutionItems) = preProject
		..\README.md = ..\README.md
	EndProjectSection
EndProject
Global
	GlobalSection(SolutionConfigurationPlatforms) = preSolution
		Debug|Any CPU = Debug|Any CPU
		Release|Any CPU = Release|Any CPU
	EndGlobalSection
	GlobalSection(ProjectConfigurationPlatforms) = postSolution
		{8DAA1E3D-FE96-4B2A-B443-9D813B79000D}.Debug|Any CPU.ActiveCfg = Debug|Any CPU
		{8DAA1E3D-FE96-4B2A-B443-9D813B79000D}.Debug|Any CPU.Build.0 = Debug|Any CPU
		{8DAA1E3D-FE96-4B2A-B443-9D813B79000D}.Release|Any CPU.ActiveCfg = Release|Any CPU
		{8DAA1E3D-FE96-4B2A-B443-9D813B79000D}.Release|Any CPU.Build.0 = Release|Any CPU
	EndGlobalSection
	GlobalSection(SolutionProperties) = preSolution
		HideSolutionNode = FALSE
	EndGlobalSection
	GlobalSection(ExtensibilityGlobals) = postSolution
		SolutionGuid = {9F6BAE23-1F2A-47F3-9B06-B3506E6D0E18}
	EndGlobalSection
EndGlobal
